
Microsoft Visual Studio Solution File, Format Version 12.00
# Visual Studio Version 16
VisualStudioVersion = 16.0.30621.155
MinimumVisualStudioVersion = 10.0.40219.1
Project("{FAE04EC0-301F-11D3-BF4B-00C04F79EFBC}") = "KT_GIUAKY", "KT_GIUAKY\KT_GIUAKY.csproj", "{6039077C-95F3-40B3-A54F-ABBEDA1E8BBC}"
EndProject
Global
	GlobalSection(SolutionConfigurationPlatforms) = preSolution
		Debug|Any CPU = Debug|Any CPU
		Release|Any CPU = Release|Any CPU
	EndGlobalSection
	GlobalSection(ProjectConfigurationPlatforms) = postSolution
		{6039077C-95F3-40B3-A54F-ABBEDA1E8BBC}.Debug|Any CPU.ActiveCfg = Debug|Any CPU
		{6039077C-95F3-40B3-A54F-ABBEDA1E8BBC}.Debug|Any CPU.Build.0 = Debug|Any CPU
		{6039077C-95F3-40B3-A54F-ABBEDA1E8BBC}.Release|Any CPU.ActiveCfg = Release|Any CPU
		{6039077C-95F3-40B3-A54F-ABBEDA1E8BBC}.Release|Any CPU.Build.0 = Release|Any CPU
	EndGlobalSection
	GlobalSection(SolutionProperties) = preSolution
		HideSolutionNode = FALSE
	EndGlobalSection
	GlobalSection(ExtensibilityGlobals) = postSolution
		SolutionGuid = {CE9B5AFE-42E7-47A5-A711-7E951816CD74}
	EndGlobalSection
EndGlobal
