
Microsoft Visual Studio Solution File, Format Version 12.00
# Visual Studio Version 16
VisualStudioVersion = 16.0.30503.244
MinimumVisualStudioVersion = 10.0.40219.1
Project("{FAE04EC0-301F-11D3-BF4B-00C04F79EFBC}") = "sophuc", "sophuc.csproj", "{C90A8902-1CE8-40F7-95F9-A862E9F13D1B}"
EndProject
Global
	GlobalSection(SolutionConfigurationPlatforms) = preSolution
		Debug|Any CPU = Debug|Any CPU
		Release|Any CPU = Release|Any CPU
	EndGlobalSection
	GlobalSection(ProjectConfigurationPlatforms) = postSolution
		{C90A8902-1CE8-40F7-95F9-A862E9F13D1B}.Debug|Any CPU.ActiveCfg = Debug|Any CPU
		{C90A8902-1CE8-40F7-95F9-A862E9F13D1B}.Debug|Any CPU.Build.0 = Debug|Any CPU
		{C90A8902-1CE8-40F7-95F9-A862E9F13D1B}.Release|Any CPU.ActiveCfg = Release|Any CPU
		{C90A8902-1CE8-40F7-95F9-A862E9F13D1B}.Release|Any CPU.Build.0 = Release|Any CPU
	EndGlobalSection
	GlobalSection(SolutionProperties) = preSolution
		HideSolutionNode = FALSE
	EndGlobalSection
	GlobalSection(ExtensibilityGlobals) = postSolution
		SolutionGuid = {48EC96BB-8900-432D-B933-5BB07A14FEE5}
	EndGlobalSection
EndGlobal
