
Microsoft Visual Studio Solution File, Format Version 12.00
# Visual Studio Version 16
VisualStudioVersion = 16.0.30523.141
MinimumVisualStudioVersion = 10.0.40219.1
Project("{FAE04EC0-301F-11D3-BF4B-00C04F79EFBC}") = "FORM_QunaLyNhanVien", "FORM_QunaLyNhanVien\FORM_QunaLyNhanVien.csproj", "{6BF9BC93-F26A-4B01-8FE7-D3A544A21FD9}"
EndProject
Global
	GlobalSection(SolutionConfigurationPlatforms) = preSolution
		Debug|Any CPU = Debug|Any CPU
		Release|Any CPU = Release|Any CPU
	EndGlobalSection
	GlobalSection(ProjectConfigurationPlatforms) = postSolution
		{6BF9BC93-F26A-4B01-8FE7-D3A544A21FD9}.Debug|Any CPU.ActiveCfg = Debug|Any CPU
		{6BF9BC93-F26A-4B01-8FE7-D3A544A21FD9}.Debug|Any CPU.Build.0 = Debug|Any CPU
		{6BF9BC93-F26A-4B01-8FE7-D3A544A21FD9}.Release|Any CPU.ActiveCfg = Release|Any CPU
		{6BF9BC93-F26A-4B01-8FE7-D3A544A21FD9}.Release|Any CPU.Build.0 = Release|Any CPU
	EndGlobalSection
	GlobalSection(SolutionProperties) = preSolution
		HideSolutionNode = FALSE
	EndGlobalSection
	GlobalSection(ExtensibilityGlobals) = postSolution
		SolutionGuid = {24EF11BF-DF2E-4351-A6E1-5B6B0A64807C}
	EndGlobalSection
EndGlobal
