
Microsoft Visual Studio Solution File, Format Version 12.00
# Visual Studio 15
VisualStudioVersion = 15.0.28307.1209
MinimumVisualStudioVersion = 10.0.40219.1
Project("{FAE04EC0-301F-11D3-BF4B-00C04F79EFBC}") = "Bai3", "Bai3\Bai3.csproj", "{F737CDE3-D322-46CD-8BD5-F6F6183436CE}"
EndProject
Global
	GlobalSection(SolutionConfigurationPlatforms) = preSolution
		Debug|Any CPU = Debug|Any CPU
		Release|Any CPU = Release|Any CPU
	EndGlobalSection
	GlobalSection(ProjectConfigurationPlatforms) = postSolution
		{F737CDE3-D322-46CD-8BD5-F6F6183436CE}.Debug|Any CPU.ActiveCfg = Debug|Any CPU
		{F737CDE3-D322-46CD-8BD5-F6F6183436CE}.Debug|Any CPU.Build.0 = Debug|Any CPU
		{F737CDE3-D322-46CD-8BD5-F6F6183436CE}.Release|Any CPU.ActiveCfg = Release|Any CPU
		{F737CDE3-D322-46CD-8BD5-F6F6183436CE}.Release|Any CPU.Build.0 = Release|Any CPU
	EndGlobalSection
	GlobalSection(SolutionProperties) = preSolution
		HideSolutionNode = FALSE
	EndGlobalSection
	GlobalSection(ExtensibilityGlobals) = postSolution
		SolutionGuid = {4CA8CC01-9777-48C2-847A-4FB3ED582529}
	EndGlobalSection
EndGlobal
