
Microsoft Visual Studio Solution File, Format Version 12.00
# Visual Studio Version 16
VisualStudioVersion = 16.0.30517.126
MinimumVisualStudioVersion = 10.0.40219.1
Project("{FAE04EC0-301F-11D3-BF4B-00C04F79EFBC}") = "WFPTB2", "WFPTB2.csproj", "{6A9B71C2-3CFD-40F1-8DD1-DBBF8E5973BA}"
EndProject
Project("{FAE04EC0-301F-11D3-BF4B-00C04F79EFBC}") = "WFPTB2_OutSideClass", "..\WFPTB2_OutSideClass\WFPTB2_OutSideClass.csproj", "{B1FD6D44-82A0-47E8-89AA-385AA5ED3C20}"
EndProject
Project("{FAE04EC0-301F-11D3-BF4B-00C04F79EFBC}") = "WF_MayTinhCaNhan", "..\WF_MayTinhCaNhan\WF_MayTinhCaNhan.csproj", "{421A1D5D-E483-49AC-B333-A926A65658A5}"
EndProject
Global
	GlobalSection(SolutionConfigurationPlatforms) = preSolution
		Debug|Any CPU = Debug|Any CPU
		Release|Any CPU = Release|Any CPU
	EndGlobalSection
	GlobalSection(ProjectConfigurationPlatforms) = postSolution
		{6A9B71C2-3CFD-40F1-8DD1-DBBF8E5973BA}.Debug|Any CPU.ActiveCfg = Debug|Any CPU
		{6A9B71C2-3CFD-40F1-8DD1-DBBF8E5973BA}.Debug|Any CPU.Build.0 = Debug|Any CPU
		{6A9B71C2-3CFD-40F1-8DD1-DBBF8E5973BA}.Release|Any CPU.ActiveCfg = Release|Any CPU
		{6A9B71C2-3CFD-40F1-8DD1-DBBF8E5973BA}.Release|Any CPU.Build.0 = Release|Any CPU
		{B1FD6D44-82A0-47E8-89AA-385AA5ED3C20}.Debug|Any CPU.ActiveCfg = Debug|Any CPU
		{B1FD6D44-82A0-47E8-89AA-385AA5ED3C20}.Debug|Any CPU.Build.0 = Debug|Any CPU
		{B1FD6D44-82A0-47E8-89AA-385AA5ED3C20}.Release|Any CPU.ActiveCfg = Release|Any CPU
		{B1FD6D44-82A0-47E8-89AA-385AA5ED3C20}.Release|Any CPU.Build.0 = Release|Any CPU
		{421A1D5D-E483-49AC-B333-A926A65658A5}.Debug|Any CPU.ActiveCfg = Debug|Any CPU
		{421A1D5D-E483-49AC-B333-A926A65658A5}.Debug|Any CPU.Build.0 = Debug|Any CPU
		{421A1D5D-E483-49AC-B333-A926A65658A5}.Release|Any CPU.ActiveCfg = Release|Any CPU
		{421A1D5D-E483-49AC-B333-A926A65658A5}.Release|Any CPU.Build.0 = Release|Any CPU
	EndGlobalSection
	GlobalSection(SolutionProperties) = preSolution
		HideSolutionNode = FALSE
	EndGlobalSection
	GlobalSection(ExtensibilityGlobals) = postSolution
		SolutionGuid = {5D1021B1-5EF6-4E73-8FA4-6FCF36E827D3}
	EndGlobalSection
EndGlobal
