
Microsoft Visual Studio Solution File, Format Version 12.00
# Visual Studio 15
VisualStudioVersion = 15.0.28307.1209
MinimumVisualStudioVersion = 10.0.40219.1
Project("{FAE04EC0-301F-11D3-BF4B-00C04F79EFBC}") = "Bai1", "Bai1\Bai1.csproj", "{1E9AB680-11BC-4F20-B13E-6942CE4D1A72}"
EndProject
Global
	GlobalSection(SolutionConfigurationPlatforms) = preSolution
		Debug|Any CPU = Debug|Any CPU
		Release|Any CPU = Release|Any CPU
	EndGlobalSection
	GlobalSection(ProjectConfigurationPlatforms) = postSolution
		{1E9AB680-11BC-4F20-B13E-6942CE4D1A72}.Debug|Any CPU.ActiveCfg = Debug|Any CPU
		{1E9AB680-11BC-4F20-B13E-6942CE4D1A72}.Debug|Any CPU.Build.0 = Debug|Any CPU
		{1E9AB680-11BC-4F20-B13E-6942CE4D1A72}.Release|Any CPU.ActiveCfg = Release|Any CPU
		{1E9AB680-11BC-4F20-B13E-6942CE4D1A72}.Release|Any CPU.Build.0 = Release|Any CPU
	EndGlobalSection
	GlobalSection(SolutionProperties) = preSolution
		HideSolutionNode = FALSE
	EndGlobalSection
	GlobalSection(ExtensibilityGlobals) = postSolution
		SolutionGuid = {E1508466-446D-4E1F-BE1F-1DCB5D61E2B2}
	EndGlobalSection
EndGlobal
