
Microsoft Visual Studio Solution File, Format Version 12.00
# Visual Studio Version 16
VisualStudioVersion = 16.0.30523.141
MinimumVisualStudioVersion = 10.0.40219.1
Project("{FAE04EC0-301F-11D3-BF4B-00C04F79EFBC}") = "QuanTri_QuanLyNhanVien", "QuanTri_QuanLyNhanVien\QuanTri_QuanLyNhanVien.csproj", "{0BFF4972-BBA7-4214-8BC0-10EC9E646A15}"
EndProject
Global
	GlobalSection(SolutionConfigurationPlatforms) = preSolution
		Debug|Any CPU = Debug|Any CPU
		Release|Any CPU = Release|Any CPU
	EndGlobalSection
	GlobalSection(ProjectConfigurationPlatforms) = postSolution
		{0BFF4972-BBA7-4214-8BC0-10EC9E646A15}.Debug|Any CPU.ActiveCfg = Debug|Any CPU
		{0BFF4972-BBA7-4214-8BC0-10EC9E646A15}.Debug|Any CPU.Build.0 = Debug|Any CPU
		{0BFF4972-BBA7-4214-8BC0-10EC9E646A15}.Release|Any CPU.ActiveCfg = Release|Any CPU
		{0BFF4972-BBA7-4214-8BC0-10EC9E646A15}.Release|Any CPU.Build.0 = Release|Any CPU
	EndGlobalSection
	GlobalSection(SolutionProperties) = preSolution
		HideSolutionNode = FALSE
	EndGlobalSection
	GlobalSection(ExtensibilityGlobals) = postSolution
		SolutionGuid = {3BE38078-D185-428B-816D-615FEA6862E9}
	EndGlobalSection
EndGlobal
