
Microsoft Visual Studio Solution File, Format Version 12.00
# Visual Studio 15
VisualStudioVersion = 15.0.28307.1209
MinimumVisualStudioVersion = 10.0.40219.1
Project("{FAE04EC0-301F-11D3-BF4B-00C04F79EFBC}") = "HinhTron", "HinhTron\HinhTron.csproj", "{DF8704C0-8B13-4C99-B922-98CEA0D7B968}"
EndProject
Global
	GlobalSection(SolutionConfigurationPlatforms) = preSolution
		Debug|Any CPU = Debug|Any CPU
		Release|Any CPU = Release|Any CPU
	EndGlobalSection
	GlobalSection(ProjectConfigurationPlatforms) = postSolution
		{DF8704C0-8B13-4C99-B922-98CEA0D7B968}.Debug|Any CPU.ActiveCfg = Debug|Any CPU
		{DF8704C0-8B13-4C99-B922-98CEA0D7B968}.Debug|Any CPU.Build.0 = Debug|Any CPU
		{DF8704C0-8B13-4C99-B922-98CEA0D7B968}.Release|Any CPU.ActiveCfg = Release|Any CPU
		{DF8704C0-8B13-4C99-B922-98CEA0D7B968}.Release|Any CPU.Build.0 = Release|Any CPU
	EndGlobalSection
	GlobalSection(SolutionProperties) = preSolution
		HideSolutionNode = FALSE
	EndGlobalSection
	GlobalSection(ExtensibilityGlobals) = postSolution
		SolutionGuid = {70C77056-6CE4-4658-9AC0-1979BFE18D98}
	EndGlobalSection
EndGlobal
